// !$*UTF8*$!
{
	archiveVersion = 1;
	classes = {
	};
	objectVersion = 55;
	objects = {

/* Begin PBXBuildFile section */
		E135DE78284147840089BCAC /* TDSearchBarSUI.swift in Sources */ = {isa = PBXBuildFile; fileRef = E135DE77284147840089BCAC /* TDSearchBarSUI.swift */; };
		E154636A283FAE1600D142D0 /* TDTagSearchApp.swift in Sources */ = {isa = PBXBuildFile; fileRef = E1546369283FAE1600D142D0 /* TDTagSearchApp.swift */; };
		E154636E283FAE1600D142D0 /* Assets.xcassets in Resources */ = {isa = PBXBuildFile; fileRef = E154636D283FAE1600D142D0 /* Assets.xcassets */; };
		E1546371283FAE1600D142D0 /* Preview Assets.xcassets in Resources */ = {isa = PBXBuildFile; fileRef = E1546370283FAE1600D142D0 /* Preview Assets.xcassets */; };
		E1546385283FAE1700D142D0 /* TDTagSearchUITests.swift in Sources */ = {isa = PBXBuildFile; fileRef = E1546384283FAE1700D142D0 /* TDTagSearchUITests.swift */; };
		E1546387283FAE1700D142D0 /* TDTagSearchUITestsLaunchTests.swift in Sources */ = {isa = PBXBuildFile; fileRef = E1546386283FAE1700D142D0 /* TDTagSearchUITestsLaunchTests.swift */; };
		E154639A283FAF7200D142D0 /* ViewInspector in Frameworks */ = {isa = PBXBuildFile; productRef = E1546399283FAF7200D142D0 /* ViewInspector */; };
		E154639D283FB01700D142D0 /* Nimble in Frameworks */ = {isa = PBXBuildFile; productRef = E154639C283FB01700D142D0 /* Nimble */; };
		E15463A0283FB02A00D142D0 /* Quick in Frameworks */ = {isa = PBXBuildFile; productRef = E154639F283FB02A00D142D0 /* Quick */; };
		E15463A4283FB11D00D142D0 /* TDTagSearchSUI.swift in Sources */ = {isa = PBXBuildFile; fileRef = E1546396283FAEAF00D142D0 /* TDTagSearchSUI.swift */; };
		E15463A5283FB12000D142D0 /* TDTagCapsuleSUI.swift in Sources */ = {isa = PBXBuildFile; fileRef = E1546394283FAEAF00D142D0 /* TDTagCapsuleSUI.swift */; };
		E15463A6283FB12300D142D0 /* TDTagViewSUI.swift in Sources */ = {isa = PBXBuildFile; fileRef = E1546395283FAEAF00D142D0 /* TDTagViewSUI.swift */; };
		E15463A7283FB12400D142D0 /* TDTagViewSUI.swift in Sources */ = {isa = PBXBuildFile; fileRef = E1546395283FAEAF00D142D0 /* TDTagViewSUI.swift */; };
		E15463A8283FB12600D142D0 /* TDTagCapsuleSUI.swift in Sources */ = {isa = PBXBuildFile; fileRef = E1546394283FAEAF00D142D0 /* TDTagCapsuleSUI.swift */; };
		E15463A9283FB12900D142D0 /* TDTagSearchSUI.swift in Sources */ = {isa = PBXBuildFile; fileRef = E1546396283FAEAF00D142D0 /* TDTagSearchSUI.swift */; };
		E15463AA283FB13500D142D0 /* TDTagSearchTests.swift in Sources */ = {isa = PBXBuildFile; fileRef = E15463A3283FB06900D142D0 /* TDTagSearchTests.swift */; };
		E15463B3283FB4B500D142D0 /* TDTagSearchViewModel.swift in Sources */ = {isa = PBXBuildFile; fileRef = E15463B2283FB4B500D142D0 /* TDTagSearchViewModel.swift */; };
		E15463B7283FB54E00D142D0 /* TDTagSearchInteractor.swift in Sources */ = {isa = PBXBuildFile; fileRef = E15463B6283FB54E00D142D0 /* TDTagSearchInteractor.swift */; };
		E15463BA283FB56600D142D0 /* TDTagSearchPresenter.swift in Sources */ = {isa = PBXBuildFile; fileRef = E15463B9283FB56600D142D0 /* TDTagSearchPresenter.swift */; };
		E15463BD283FC40B00D142D0 /* TDTagSearchRouter.swift in Sources */ = {isa = PBXBuildFile; fileRef = E15463BC283FC40B00D142D0 /* TDTagSearchRouter.swift */; };
		E15463BE283FC55800D142D0 /* defect_tags.json in Resources */ = {isa = PBXBuildFile; fileRef = E1546397283FAEBD00D142D0 /* defect_tags.json */; };
		E15463BF283FC55900D142D0 /* defect_tags.json in Resources */ = {isa = PBXBuildFile; fileRef = E1546397283FAEBD00D142D0 /* defect_tags.json */; };
/* End PBXBuildFile section */

/* Begin PBXContainerItemProxy section */
		E1546377283FAE1600D142D0 /* PBXContainerItemProxy */ = {
			isa = PBXContainerItemProxy;
			containerPortal = E154635E283FAE1600D142D0 /* Project object */;
			proxyType = 1;
			remoteGlobalIDString = E1546365283FAE1600D142D0;
			remoteInfo = TDTagSearch;
		};
		E1546381283FAE1700D142D0 /* PBXContainerItemProxy */ = {
			isa = PBXContainerItemProxy;
			containerPortal = E154635E283FAE1600D142D0 /* Project object */;
			proxyType = 1;
			remoteGlobalIDString = E1546365283FAE1600D142D0;
			remoteInfo = TDTagSearch;
		};
/* End PBXContainerItemProxy section */

/* Begin PBXFileReference section */
		E135DE77284147840089BCAC /* TDSearchBarSUI.swift */ = {isa = PBXFileReference; lastKnownFileType = sourcecode.swift; path = TDSearchBarSUI.swift; sourceTree = "<group>"; };
		E135DE7928429F540089BCAC /* README.md */ = {isa = PBXFileReference; fileEncoding = 4; lastKnownFileType = net.daringfireball.markdown; path = README.md; sourceTree = "<group>"; };
		E1546366283FAE1600D142D0 /* TDTagSearch.app */ = {isa = PBXFileReference; explicitFileType = wrapper.application; includeInIndex = 0; path = TDTagSearch.app; sourceTree = BUILT_PRODUCTS_DIR; };
		E1546369283FAE1600D142D0 /* TDTagSearchApp.swift */ = {isa = PBXFileReference; lastKnownFileType = sourcecode.swift; path = TDTagSearchApp.swift; sourceTree = "<group>"; };
		E154636D283FAE1600D142D0 /* Assets.xcassets */ = {isa = PBXFileReference; lastKnownFileType = folder.assetcatalog; path = Assets.xcassets; sourceTree = "<group>"; };
		E1546370283FAE1600D142D0 /* Preview Assets.xcassets */ = {isa = PBXFileReference; lastKnownFileType = folder.assetcatalog; path = "Preview Assets.xcassets"; sourceTree = "<group>"; };
		E1546376283FAE1600D142D0 /* TDTagSearchTests.xctest */ = {isa = PBXFileReference; explicitFileType = wrapper.cfbundle; includeInIndex = 0; path = TDTagSearchTests.xctest; sourceTree = BUILT_PRODUCTS_DIR; };
		E1546380283FAE1700D142D0 /* TDTagSearchUITests.xctest */ = {isa = PBXFileReference; explicitFileType = wrapper.cfbundle; includeInIndex = 0; path = TDTagSearchUITests.xctest; sourceTree = BUILT_PRODUCTS_DIR; };
		E1546384283FAE1700D142D0 /* TDTagSearchUITests.swift */ = {isa = PBXFileReference; lastKnownFileType = sourcecode.swift; path = TDTagSearchUITests.swift; sourceTree = "<group>"; };
		E1546386283FAE1700D142D0 /* TDTagSearchUITestsLaunchTests.swift */ = {isa = PBXFileReference; lastKnownFileType = sourcecode.swift; path = TDTagSearchUITestsLaunchTests.swift; sourceTree = "<group>"; };
		E1546394283FAEAF00D142D0 /* TDTagCapsuleSUI.swift */ = {isa = PBXFileReference; lastKnownFileType = sourcecode.swift; path = TDTagCapsuleSUI.swift; sourceTree = "<group>"; };
		E1546395283FAEAF00D142D0 /* TDTagViewSUI.swift */ = {isa = PBXFileReference; lastKnownFileType = sourcecode.swift; path = TDTagViewSUI.swift; sourceTree = "<group>"; };
		E1546396283FAEAF00D142D0 /* TDTagSearchSUI.swift */ = {isa = PBXFileReference; lastKnownFileType = sourcecode.swift; path = TDTagSearchSUI.swift; sourceTree = "<group>"; };
		E1546397283FAEBD00D142D0 /* defect_tags.json */ = {isa = PBXFileReference; lastKnownFileType = text.json; path = defect_tags.json; sourceTree = "<group>"; };
		E15463A3283FB06900D142D0 /* TDTagSearchTests.swift */ = {isa = PBXFileReference; lastKnownFileType = sourcecode.swift; path = TDTagSearchTests.swift; sourceTree = "<group>"; };
		E15463B2283FB4B500D142D0 /* TDTagSearchViewModel.swift */ = {isa = PBXFileReference; lastKnownFileType = sourcecode.swift; path = TDTagSearchViewModel.swift; sourceTree = "<group>"; };
		E15463B6283FB54E00D142D0 /* TDTagSearchInteractor.swift */ = {isa = PBXFileReference; lastKnownFileType = sourcecode.swift; path = TDTagSearchInteractor.swift; sourceTree = "<group>"; };
		E15463B9283FB56600D142D0 /* TDTagSearchPresenter.swift */ = {isa = PBXFileReference; lastKnownFileType = sourcecode.swift; path = TDTagSearchPresenter.swift; sourceTree = "<group>"; };
		E15463BC283FC40B00D142D0 /* TDTagSearchRouter.swift */ = {isa = PBXFileReference; lastKnownFileType = sourcecode.swift; path = TDTagSearchRouter.swift; sourceTree = "<group>"; };
/* End PBXFileReference section */

/* Begin PBXFrameworksBuildPhase section */
		E1546363283FAE1600D142D0 /* Frameworks */ = {
			isa = PBXFrameworksBuildPhase;
			buildActionMask = 2147483647;
			files = (
			);
			runOnlyForDeploymentPostprocessing = 0;
		};
		E1546373283FAE1600D142D0 /* Frameworks */ = {
			isa = PBXFrameworksBuildPhase;
			buildActionMask = 2147483647;
			files = (
				E15463A0283FB02A00D142D0 /* Quick in Frameworks */,
				E154639A283FAF7200D142D0 /* ViewInspector in Frameworks */,
				E154639D283FB01700D142D0 /* Nimble in Frameworks */,
			);
			runOnlyForDeploymentPostprocessing = 0;
		};
		E154637D283FAE1700D142D0 /* Frameworks */ = {
			isa = PBXFrameworksBuildPhase;
			buildActionMask = 2147483647;
			files = (
			);
			runOnlyForDeploymentPostprocessing = 0;
		};
/* End PBXFrameworksBuildPhase section */

/* Begin PBXGroup section */
		E154635D283FAE1600D142D0 = {
			isa = PBXGroup;
			children = (
				E135DE7928429F540089BCAC /* README.md */,
				E1546368283FAE1600D142D0 /* TDTagSearch */,
				E1546379283FAE1600D142D0 /* TDTagSearchTests */,
				E1546383283FAE1700D142D0 /* TDTagSearchUITests */,
				E1546367283FAE1600D142D0 /* Products */,
			);
			sourceTree = "<group>";
		};
		E1546367283FAE1600D142D0 /* Products */ = {
			isa = PBXGroup;
			children = (
				E1546366283FAE1600D142D0 /* TDTagSearch.app */,
				E1546376283FAE1600D142D0 /* TDTagSearchTests.xctest */,
				E1546380283FAE1700D142D0 /* TDTagSearchUITests.xctest */,
			);
			name = Products;
			sourceTree = "<group>";
		};
		E1546368283FAE1600D142D0 /* TDTagSearch */ = {
			isa = PBXGroup;
			children = (
				E1546393283FAE8000D142D0 /* Sources */,
				E1546397283FAEBD00D142D0 /* defect_tags.json */,
				E154636D283FAE1600D142D0 /* Assets.xcassets */,
				E154636F283FAE1600D142D0 /* Preview Content */,
			);
			path = TDTagSearch;
			sourceTree = "<group>";
		};
		E154636F283FAE1600D142D0 /* Preview Content */ = {
			isa = PBXGroup;
			children = (
				E1546370283FAE1600D142D0 /* Preview Assets.xcassets */,
			);
			path = "Preview Content";
			sourceTree = "<group>";
		};
		E1546379283FAE1600D142D0 /* TDTagSearchTests */ = {
			isa = PBXGroup;
			children = (
				E15463A1283FB05A00D142D0 /* Modules */,
			);
			path = TDTagSearchTests;
			sourceTree = "<group>";
		};
		E1546383283FAE1700D142D0 /* TDTagSearchUITests */ = {
			isa = PBXGroup;
			children = (
				E1546384283FAE1700D142D0 /* TDTagSearchUITests.swift */,
				E1546386283FAE1700D142D0 /* TDTagSearchUITestsLaunchTests.swift */,
			);
			path = TDTagSearchUITests;
			sourceTree = "<group>";
		};
		E1546393283FAE8000D142D0 /* Sources */ = {
			isa = PBXGroup;
			children = (
				E1546369283FAE1600D142D0 /* TDTagSearchApp.swift */,
				E15463B4283FB4DF00D142D0 /* Utils */,
				E15463AF283FB38800D142D0 /* Services */,
				E15463AB283FB37100D142D0 /* Modules */,
			);
			path = Sources;
			sourceTree = "<group>";
		};
		E15463A1283FB05A00D142D0 /* Modules */ = {
			isa = PBXGroup;
			children = (
				E15463A2283FB06900D142D0 /* TagSearch */,
			);
			path = Modules;
			sourceTree = "<group>";
		};
		E15463A2283FB06900D142D0 /* TagSearch */ = {
			isa = PBXGroup;
			children = (
				E15463A3283FB06900D142D0 /* TDTagSearchTests.swift */,
			);
			path = TagSearch;
			sourceTree = "<group>";
		};
		E15463AB283FB37100D142D0 /* Modules */ = {
			isa = PBXGroup;
			children = (
				E15463AC283FB37700D142D0 /* View */,
				E15463AD283FB37C00D142D0 /* Presenter */,
				E15463AE283FB38200D142D0 /* Interactor */,
				E15463B1283FB39700D142D0 /* Entities */,
				E15463B0283FB38F00D142D0 /* Router */,
			);
			path = Modules;
			sourceTree = "<group>";
		};
		E15463AC283FB37700D142D0 /* View */ = {
			isa = PBXGroup;
			children = (
				E1546396283FAEAF00D142D0 /* TDTagSearchSUI.swift */,
				E15463BB283FBB3200D142D0 /* SubViews */,
			);
			path = View;
			sourceTree = "<group>";
		};
		E15463AD283FB37C00D142D0 /* Presenter */ = {
			isa = PBXGroup;
			children = (
				E15463B2283FB4B500D142D0 /* TDTagSearchViewModel.swift */,
				E15463B9283FB56600D142D0 /* TDTagSearchPresenter.swift */,
			);
			path = Presenter;
			sourceTree = "<group>";
		};
		E15463AE283FB38200D142D0 /* Interactor */ = {
			isa = PBXGroup;
			children = (
				E15463B6283FB54E00D142D0 /* TDTagSearchInteractor.swift */,
			);
			path = Interactor;
			sourceTree = "<group>";
		};
		E15463AF283FB38800D142D0 /* Services */ = {
			isa = PBXGroup;
			children = (
			);
			path = Services;
			sourceTree = "<group>";
		};
		E15463B0283FB38F00D142D0 /* Router */ = {
			isa = PBXGroup;
			children = (
				E15463BC283FC40B00D142D0 /* TDTagSearchRouter.swift */,
			);
			path = Router;
			sourceTree = "<group>";
		};
		E15463B1283FB39700D142D0 /* Entities */ = {
			isa = PBXGroup;
			children = (
			);
			path = Entities;
			sourceTree = "<group>";
		};
		E15463B4283FB4DF00D142D0 /* Utils */ = {
			isa = PBXGroup;
			children = (
			);
			path = Utils;
			sourceTree = "<group>";
		};
		E15463BB283FBB3200D142D0 /* SubViews */ = {
			isa = PBXGroup;
			children = (
				E1546395283FAEAF00D142D0 /* TDTagViewSUI.swift */,
				E1546394283FAEAF00D142D0 /* TDTagCapsuleSUI.swift */,
				E135DE77284147840089BCAC /* TDSearchBarSUI.swift */,
			);
			path = SubViews;
			sourceTree = "<group>";
		};
/* End PBXGroup section */

/* Begin PBXNativeTarget section */
		E1546365283FAE1600D142D0 /* TDTagSearch */ = {
			isa = PBXNativeTarget;
			buildConfigurationList = E154638A283FAE1700D142D0 /* Build configuration list for PBXNativeTarget "TDTagSearch" */;
			buildPhases = (
				E1546362283FAE1600D142D0 /* Sources */,
				E1546363283FAE1600D142D0 /* Frameworks */,
				E1546364283FAE1600D142D0 /* Resources */,
			);
			buildRules = (
			);
			dependencies = (
			);
			name = TDTagSearch;
			productName = TDTagSearch;
			productReference = E1546366283FAE1600D142D0 /* TDTagSearch.app */;
			productType = "com.apple.product-type.application";
		};
		E1546375283FAE1600D142D0 /* TDTagSearchTests */ = {
			isa = PBXNativeTarget;
			buildConfigurationList = E154638D283FAE1700D142D0 /* Build configuration list for PBXNativeTarget "TDTagSearchTests" */;
			buildPhases = (
				E1546372283FAE1600D142D0 /* Sources */,
				E1546373283FAE1600D142D0 /* Frameworks */,
				E1546374283FAE1600D142D0 /* Resources */,
			);
			buildRules = (
			);
			dependencies = (
				E1546378283FAE1600D142D0 /* PBXTargetDependency */,
			);
			name = TDTagSearchTests;
			packageProductDependencies = (
				E1546399283FAF7200D142D0 /* ViewInspector */,
				E154639C283FB01700D142D0 /* Nimble */,
				E154639F283FB02A00D142D0 /* Quick */,
			);
			productName = TDTagSearchTests;
			productReference = E1546376283FAE1600D142D0 /* TDTagSearchTests.xctest */;
			productType = "com.apple.product-type.bundle.unit-test";
		};
		E154637F283FAE1700D142D0 /* TDTagSearchUITests */ = {
			isa = PBXNativeTarget;
			buildConfigurationList = E1546390283FAE1700D142D0 /* Build configuration list for PBXNativeTarget "TDTagSearchUITests" */;
			buildPhases = (
				E154637C283FAE1700D142D0 /* Sources */,
				E154637D283FAE1700D142D0 /* Frameworks */,
				E154637E283FAE1700D142D0 /* Resources */,
			);
			buildRules = (
			);
			dependencies = (
				E1546382283FAE1700D142D0 /* PBXTargetDependency */,
			);
			name = TDTagSearchUITests;
			productName = TDTagSearchUITests;
			productReference = E1546380283FAE1700D142D0 /* TDTagSearchUITests.xctest */;
			productType = "com.apple.product-type.bundle.ui-testing";
		};
/* End PBXNativeTarget section */

/* Begin PBXProject section */
		E154635E283FAE1600D142D0 /* Project object */ = {
			isa = PBXProject;
			attributes = {
				BuildIndependentTargetsInParallel = 1;
				LastSwiftUpdateCheck = 1340;
				LastUpgradeCheck = 1340;
				TargetAttributes = {
					E1546365283FAE1600D142D0 = {
						CreatedOnToolsVersion = 13.4;
					};
					E1546375283FAE1600D142D0 = {
						CreatedOnToolsVersion = 13.4;
						TestTargetID = E1546365283FAE1600D142D0;
					};
					E154637F283FAE1700D142D0 = {
						CreatedOnToolsVersion = 13.4;
						TestTargetID = E1546365283FAE1600D142D0;
					};
				};
			};
			buildConfigurationList = E1546361283FAE1600D142D0 /* Build configuration list for PBXProject "TDTagSearch" */;
			compatibilityVersion = "Xcode 13.0";
			developmentRegion = en;
			hasScannedForEncodings = 0;
			knownRegions = (
				en,
				Base,
			);
			mainGroup = E154635D283FAE1600D142D0;
			packageReferences = (
				E1546398283FAF7200D142D0 /* XCRemoteSwiftPackageReference "ViewInspector" */,
				E154639B283FB01700D142D0 /* XCRemoteSwiftPackageReference "Nimble" */,
				E154639E283FB02A00D142D0 /* XCRemoteSwiftPackageReference "Quick" */,
			);
			productRefGroup = E1546367283FAE1600D142D0 /* Products */;
			projectDirPath = "";
			projectRoot = "";
			targets = (
				E1546365283FAE1600D142D0 /* TDTagSearch */,
				E1546375283FAE1600D142D0 /* TDTagSearchTests */,
				E154637F283FAE1700D142D0 /* TDTagSearchUITests */,
			);
		};
/* End PBXProject section */

/* Begin PBXResourcesBuildPhase section */
		E1546364283FAE1600D142D0 /* Resources */ = {
			isa = PBXResourcesBuildPhase;
			buildActionMask = 2147483647;
			files = (
				E1546371283FAE1600D142D0 /* Preview Assets.xcassets in Resources */,
				E154636E283FAE1600D142D0 /* Assets.xcassets in Resources */,
				E15463BF283FC55900D142D0 /* defect_tags.json in Resources */,
			);
			runOnlyForDeploymentPostprocessing = 0;
		};
		E1546374283FAE1600D142D0 /* Resources */ = {
			isa = PBXResourcesBuildPhase;
			buildActionMask = 2147483647;
			files = (
				E15463BE283FC55800D142D0 /* defect_tags.json in Resources */,
			);
			runOnlyForDeploymentPostprocessing = 0;
		};
		E154637E283FAE1700D142D0 /* Resources */ = {
			isa = PBXResourcesBuildPhase;
			buildActionMask = 2147483647;
			files = (
			);
			runOnlyForDeploymentPostprocessing = 0;
		};
/* End PBXResourcesBuildPhase section */

/* Begin PBXSourcesBuildPhase section */
		E1546362283FAE1600D142D0 /* Sources */ = {
			isa = PBXSourcesBuildPhase;
			buildActionMask = 2147483647;
			files = (
				E15463BA283FB56600D142D0 /* TDTagSearchPresenter.swift in Sources */,
				E15463A4283FB11D00D142D0 /* TDTagSearchSUI.swift in Sources */,
				E15463A5283FB12000D142D0 /* TDTagCapsuleSUI.swift in Sources */,
				E15463A6283FB12300D142D0 /* TDTagViewSUI.swift in Sources */,
				E15463B7283FB54E00D142D0 /* TDTagSearchInteractor.swift in Sources */,
				E15463BD283FC40B00D142D0 /* TDTagSearchRouter.swift in Sources */,
				E135DE78284147840089BCAC /* TDSearchBarSUI.swift in Sources */,
				E154636A283FAE1600D142D0 /* TDTagSearchApp.swift in Sources */,
				E15463B3283FB4B500D142D0 /* TDTagSearchViewModel.swift in Sources */,
			);
			runOnlyForDeploymentPostprocessing = 0;
		};
		E1546372283FAE1600D142D0 /* Sources */ = {
			isa = PBXSourcesBuildPhase;
			buildActionMask = 2147483647;
			files = (
				E15463A9283FB12900D142D0 /* TDTagSearchSUI.swift in Sources */,
				E15463A8283FB12600D142D0 /* TDTagCapsuleSUI.swift in Sources */,
				E15463A7283FB12400D142D0 /* TDTagViewSUI.swift in Sources */,
				E15463AA283FB13500D142D0 /* TDTagSearchTests.swift in Sources */,
			);
			runOnlyForDeploymentPostprocessing = 0;
		};
		E154637C283FAE1700D142D0 /* Sources */ = {
			isa = PBXSourcesBuildPhase;
			buildActionMask = 2147483647;
			files = (
				E1546385283FAE1700D142D0 /* TDTagSearchUITests.swift in Sources */,
				E1546387283FAE1700D142D0 /* TDTagSearchUITestsLaunchTests.swift in Sources */,
			);
			runOnlyForDeploymentPostprocessing = 0;
		};
/* End PBXSourcesBuildPhase section */

/* Begin PBXTargetDependency section */
		E1546378283FAE1600D142D0 /* PBXTargetDependency */ = {
			isa = PBXTargetDependency;
			target = E1546365283FAE1600D142D0 /* TDTagSearch */;
			targetProxy = E1546377283FAE1600D142D0 /* PBXContainerItemProxy */;
		};
		E1546382283FAE1700D142D0 /* PBXTargetDependency */ = {
			isa = PBXTargetDependency;
			target = E1546365283FAE1600D142D0 /* TDTagSearch */;
			targetProxy = E1546381283FAE1700D142D0 /* PBXContainerItemProxy */;
		};
/* End PBXTargetDependency section */

/* Begin XCBuildConfiguration section */
		E1546388283FAE1700D142D0 /* Debug */ = {
			isa = XCBuildConfiguration;
			buildSettings = {
				ALWAYS_SEARCH_USER_PATHS = NO;
				CLANG_ANALYZER_NONNULL = YES;
				CLANG_ANALYZER_NUMBER_OBJECT_CONVERSION = YES_AGGRESSIVE;
				CLANG_CXX_LANGUAGE_STANDARD = "gnu++17";
				CLANG_ENABLE_MODULES = YES;
				CLANG_ENABLE_OBJC_ARC = YES;
				CLANG_ENABLE_OBJC_WEAK = YES;
				CLANG_WARN_BLOCK_CAPTURE_AUTORELEASING = YES;
				CLANG_WARN_BOOL_CONVERSION = YES;
				CLANG_WARN_COMMA = YES;
				CLANG_WARN_CONSTANT_CONVERSION = YES;
				CLANG_WARN_DEPRECATED_OBJC_IMPLEMENTATIONS = YES;
				CLANG_WARN_DIRECT_OBJC_ISA_USAGE = YES_ERROR;
				CLANG_WARN_DOCUMENTATION_COMMENTS = YES;
				CLANG_WARN_EMPTY_BODY = YES;
				CLANG_WARN_ENUM_CONVERSION = YES;
				CLANG_WARN_INFINITE_RECURSION = YES;
				CLANG_WARN_INT_CONVERSION = YES;
				CLANG_WARN_NON_LITERAL_NULL_CONVERSION = YES;
				CLANG_WARN_OBJC_IMPLICIT_RETAIN_SELF = YES;
				CLANG_WARN_OBJC_LITERAL_CONVERSION = YES;
				CLANG_WARN_OBJC_ROOT_CLASS = YES_ERROR;
				CLANG_WARN_QUOTED_INCLUDE_IN_FRAMEWORK_HEADER = YES;
				CLANG_WARN_RANGE_LOOP_ANALYSIS = YES;
				CLANG_WARN_STRICT_PROTOTYPES = YES;
				CLANG_WARN_SUSPICIOUS_MOVE = YES;
				CLANG_WARN_UNGUARDED_AVAILABILITY = YES_AGGRESSIVE;
				CLANG_WARN_UNREACHABLE_CODE = YES;
				CLANG_WARN__DUPLICATE_METHOD_MATCH = YES;
				COPY_PHASE_STRIP = NO;
				DEBUG_INFORMATION_FORMAT = dwarf;
				ENABLE_STRICT_OBJC_MSGSEND = YES;
				ENABLE_TESTABILITY = YES;
				GCC_C_LANGUAGE_STANDARD = gnu11;
				GCC_DYNAMIC_NO_PIC = NO;
				GCC_NO_COMMON_BLOCKS = YES;
				GCC_OPTIMIZATION_LEVEL = 0;
				GCC_PREPROCESSOR_DEFINITIONS = (
					"DEBUG=1",
					"$(inherited)",
				);
				GCC_WARN_64_TO_32_BIT_CONVERSION = YES;
				GCC_WARN_ABOUT_RETURN_TYPE = YES_ERROR;
				GCC_WARN_UNDECLARED_SELECTOR = YES;
				GCC_WARN_UNINITIALIZED_AUTOS = YES_AGGRESSIVE;
				GCC_WARN_UNUSED_FUNCTION = YES;
				GCC_WARN_UNUSED_VARIABLE = YES;
				IPHONEOS_DEPLOYMENT_TARGET = 15.5;
				MTL_ENABLE_DEBUG_INFO = INCLUDE_SOURCE;
				MTL_FAST_MATH = YES;
				ONLY_ACTIVE_ARCH = YES;
				SDKROOT = iphoneos;
				SWIFT_ACTIVE_COMPILATION_CONDITIONS = DEBUG;
				SWIFT_OPTIMIZATION_LEVEL = "-Onone";
			};
			name = Debug;
		};
		E1546389283FAE1700D142D0 /* Release */ = {
			isa = XCBuildConfiguration;
			buildSettings = {
				ALWAYS_SEARCH_USER_PATHS = NO;
				CLANG_ANALYZER_NONNULL = YES;
				CLANG_ANALYZER_NUMBER_OBJECT_CONVERSION = YES_AGGRESSIVE;
				CLANG_CXX_LANGUAGE_STANDARD = "gnu++17";
				CLANG_ENABLE_MODULES = YES;
				CLANG_ENABLE_OBJC_ARC = YES;
				CLANG_ENABLE_OBJC_WEAK = YES;
				CLANG_WARN_BLOCK_CAPTURE_AUTORELEASING = YES;
				CLANG_WARN_BOOL_CONVERSION = YES;
				CLANG_WARN_COMMA = YES;
				CLANG_WARN_CONSTANT_CONVERSION = YES;
				CLANG_WARN_DEPRECATED_OBJC_IMPLEMENTATIONS = YES;
				CLANG_WARN_DIRECT_OBJC_ISA_USAGE = YES_ERROR;
				CLANG_WARN_DOCUMENTATION_COMMENTS = YES;
				CLANG_WARN_EMPTY_BODY = YES;
				CLANG_WARN_ENUM_CONVERSION = YES;
				CLANG_WARN_INFINITE_RECURSION = YES;
				CLANG_WARN_INT_CONVERSION = YES;
				CLANG_WARN_NON_LITERAL_NULL_CONVERSION = YES;
				CLANG_WARN_OBJC_IMPLICIT_RETAIN_SELF = YES;
				CLANG_WARN_OBJC_LITERAL_CONVERSION = YES;
				CLANG_WARN_OBJC_ROOT_CLASS = YES_ERROR;
				CLANG_WARN_QUOTED_INCLUDE_IN_FRAMEWORK_HEADER = YES;
				CLANG_WARN_RANGE_LOOP_ANALYSIS = YES;
				CLANG_WARN_STRICT_PROTOTYPES = YES;
				CLANG_WARN_SUSPICIOUS_MOVE = YES;
				CLANG_WARN_UNGUARDED_AVAILABILITY = YES_AGGRESSIVE;
				CLANG_WARN_UNREACHABLE_CODE = YES;
				CLANG_WARN__DUPLICATE_METHOD_MATCH = YES;
				COPY_PHASE_STRIP = NO;
				DEBUG_INFORMATION_FORMAT = "dwarf-with-dsym";
				ENABLE_NS_ASSERTIONS = NO;
				ENABLE_STRICT_OBJC_MSGSEND = YES;
				GCC_C_LANGUAGE_STANDARD = gnu11;
				GCC_NO_COMMON_BLOCKS = YES;
				GCC_WARN_64_TO_32_BIT_CONVERSION = YES;
				GCC_WARN_ABOUT_RETURN_TYPE = YES_ERROR;
				GCC_WARN_UNDECLARED_SELECTOR = YES;
				GCC_WARN_UNINITIALIZED_AUTOS = YES_AGGRESSIVE;
				GCC_WARN_UNUSED_FUNCTION = YES;
				GCC_WARN_UNUSED_VARIABLE = YES;
				IPHONEOS_DEPLOYMENT_TARGET = 15.5;
				MTL_ENABLE_DEBUG_INFO = NO;
				MTL_FAST_MATH = YES;
				SDKROOT = iphoneos;
				SWIFT_COMPILATION_MODE = wholemodule;
				SWIFT_OPTIMIZATION_LEVEL = "-O";
				VALIDATE_PRODUCT = YES;
			};
			name = Release;
		};
		E154638B283FAE1700D142D0 /* Debug */ = {
			isa = XCBuildConfiguration;
			buildSettings = {
				ASSETCATALOG_COMPILER_APPICON_NAME = AppIcon;
				ASSETCATALOG_COMPILER_GLOBAL_ACCENT_COLOR_NAME = AccentColor;
				CODE_SIGN_STYLE = Automatic;
				CURRENT_PROJECT_VERSION = 1;
				DEVELOPMENT_ASSET_PATHS = "\"TDTagSearch/Preview Content\"";
				DEVELOPMENT_TEAM = WY258SLJLV;
				ENABLE_PREVIEWS = YES;
				GENERATE_INFOPLIST_FILE = YES;
				INFOPLIST_KEY_UIApplicationSceneManifest_Generation = YES;
				INFOPLIST_KEY_UIApplicationSupportsIndirectInputEvents = YES;
				INFOPLIST_KEY_UILaunchScreen_Generation = YES;
				INFOPLIST_KEY_UISupportedInterfaceOrientations_iPad = "UIInterfaceOrientationPortrait UIInterfaceOrientationPortraitUpsideDown UIInterfaceOrientationLandscapeLeft UIInterfaceOrientationLandscapeRight";
				INFOPLIST_KEY_UISupportedInterfaceOrientations_iPhone = "UIInterfaceOrientationPortrait UIInterfaceOrientationLandscapeLeft UIInterfaceOrientationLandscapeRight";
				LD_RUNPATH_SEARCH_PATHS = (
					"$(inherited)",
					"@executable_path/Frameworks",
				);
				MARKETING_VERSION = 1.0;
				PRODUCT_BUNDLE_IDENTIFIER = com.tapdigital.TDTagSearch;
				PRODUCT_NAME = "$(TARGET_NAME)";
				SWIFT_EMIT_LOC_STRINGS = YES;
				SWIFT_VERSION = 5.0;
				TARGETED_DEVICE_FAMILY = "1,2";
			};
			name = Debug;
		};
		E154638C283FAE1700D142D0 /* Release */ = {
			isa = XCBuildConfiguration;
			buildSettings = {
				ASSETCATALOG_COMPILER_APPICON_NAME = AppIcon;
				ASSETCATALOG_COMPILER_GLOBAL_ACCENT_COLOR_NAME = AccentColor;
				CODE_SIGN_STYLE = Automatic;
				CURRENT_PROJECT_VERSION = 1;
				DEVELOPMENT_ASSET_PATHS = "\"TDTagSearch/Preview Content\"";
				DEVELOPMENT_TEAM = WY258SLJLV;
				ENABLE_PREVIEWS = YES;
				GENERATE_INFOPLIST_FILE = YES;
				INFOPLIST_KEY_UIApplicationSceneManifest_Generation = YES;
				INFOPLIST_KEY_UIApplicationSupportsIndirectInputEvents = YES;
				INFOPLIST_KEY_UILaunchScreen_Generation = YES;
				INFOPLIST_KEY_UISupportedInterfaceOrientations_iPad = "UIInterfaceOrientationPortrait UIInterfaceOrientationPortraitUpsideDown UIInterfaceOrientationLandscapeLeft UIInterfaceOrientationLandscapeRight";
				INFOPLIST_KEY_UISupportedInterfaceOrientations_iPhone = "UIInterfaceOrientationPortrait UIInterfaceOrientationLandscapeLeft UIInterfaceOrientationLandscapeRight";
				LD_RUNPATH_SEARCH_PATHS = (
					"$(inherited)",
					"@executable_path/Frameworks",
				);
				MARKETING_VERSION = 1.0;
				PRODUCT_BUNDLE_IDENTIFIER = com.tapdigital.TDTagSearch;
				PRODUCT_NAME = "$(TARGET_NAME)";
				SWIFT_EMIT_LOC_STRINGS = YES;
				SWIFT_VERSION = 5.0;
				TARGETED_DEVICE_FAMILY = "1,2";
			};
			name = Release;
		};
		E154638E283FAE1700D142D0 /* Debug */ = {
			isa = XCBuildConfiguration;
			buildSettings = {
				ALWAYS_EMBED_SWIFT_STANDARD_LIBRARIES = YES;
				BUNDLE_LOADER = "$(TEST_HOST)";
				CODE_SIGN_STYLE = Automatic;
				CURRENT_PROJECT_VERSION = 1;
				DEVELOPMENT_TEAM = WY258SLJLV;
				GENERATE_INFOPLIST_FILE = YES;
				IPHONEOS_DEPLOYMENT_TARGET = 15.5;
				MARKETING_VERSION = 1.0;
				PRODUCT_BUNDLE_IDENTIFIER = com.tapdigital.TDTagSearchTests;
				PRODUCT_NAME = "$(TARGET_NAME)";
				SWIFT_EMIT_LOC_STRINGS = NO;
				SWIFT_VERSION = 5.0;
				TARGETED_DEVICE_FAMILY = "1,2";
				TEST_HOST = "$(BUILT_PRODUCTS_DIR)/TDTagSearch.app/TDTagSearch";
			};
			name = Debug;
		};
		E154638F283FAE1700D142D0 /* Release */ = {
			isa = XCBuildConfiguration;
			buildSettings = {
				ALWAYS_EMBED_SWIFT_STANDARD_LIBRARIES = YES;
				BUNDLE_LOADER = "$(TEST_HOST)";
				CODE_SIGN_STYLE = Automatic;
				CURRENT_PROJECT_VERSION = 1;
				DEVELOPMENT_TEAM = WY258SLJLV;
				GENERATE_INFOPLIST_FILE = YES;
				IPHONEOS_DEPLOYMENT_TARGET = 15.5;
				MARKETING_VERSION = 1.0;
				PRODUCT_BUNDLE_IDENTIFIER = com.tapdigital.TDTagSearchTests;
				PRODUCT_NAME = "$(TARGET_NAME)";
				SWIFT_EMIT_LOC_STRINGS = NO;
				SWIFT_VERSION = 5.0;
				TARGETED_DEVICE_FAMILY = "1,2";
				TEST_HOST = "$(BUILT_PRODUCTS_DIR)/TDTagSearch.app/TDTagSearch";
			};
			name = Release;
		};
		E1546391283FAE1700D142D0 /* Debug */ = {
			isa = XCBuildConfiguration;
			buildSettings = {
				ALWAYS_EMBED_SWIFT_STANDARD_LIBRARIES = YES;
				CODE_SIGN_STYLE = Automatic;
				CURRENT_PROJECT_VERSION = 1;
				DEVELOPMENT_TEAM = WY258SLJLV;
				GENERATE_INFOPLIST_FILE = YES;
				MARKETING_VERSION = 1.0;
				PRODUCT_BUNDLE_IDENTIFIER = com.tapdigital.TDTagSearchUITests;
				PRODUCT_NAME = "$(TARGET_NAME)";
				SWIFT_EMIT_LOC_STRINGS = NO;
				SWIFT_VERSION = 5.0;
				TARGETED_DEVICE_FAMILY = "1,2";
				TEST_TARGET_NAME = TDTagSearch;
			};
			name = Debug;
		};
		E1546392283FAE1700D142D0 /* Release */ = {
			isa = XCBuildConfiguration;
			buildSettings = {
				ALWAYS_EMBED_SWIFT_STANDARD_LIBRARIES = YES;
				CODE_SIGN_STYLE = Automatic;
				CURRENT_PROJECT_VERSION = 1;
				DEVELOPMENT_TEAM = WY258SLJLV;
				GENERATE_INFOPLIST_FILE = YES;
				MARKETING_VERSION = 1.0;
				PRODUCT_BUNDLE_IDENTIFIER = com.tapdigital.TDTagSearchUITests;
				PRODUCT_NAME = "$(TARGET_NAME)";
				SWIFT_EMIT_LOC_STRINGS = NO;
				SWIFT_VERSION = 5.0;
				TARGETED_DEVICE_FAMILY = "1,2";
				TEST_TARGET_NAME = TDTagSearch;
			};
			name = Release;
		};
/* End XCBuildConfiguration section */

/* Begin XCConfigurationList section */
		E1546361283FAE1600D142D0 /* Build configuration list for PBXProject "TDTagSearch" */ = {
			isa = XCConfigurationList;
			buildConfigurations = (
				E1546388283FAE1700D142D0 /* Debug */,
				E1546389283FAE1700D142D0 /* Release */,
			);
			defaultConfigurationIsVisible = 0;
			defaultConfigurationName = Release;
		};
		E154638A283FAE1700D142D0 /* Build configuration list for PBXNativeTarget "TDTagSearch" */ = {
			isa = XCConfigurationList;
			buildConfigurations = (
				E154638B283FAE1700D142D0 /* Debug */,
				E154638C283FAE1700D142D0 /* Release */,
			);
			defaultConfigurationIsVisible = 0;
			defaultConfigurationName = Release;
		};
		E154638D283FAE1700D142D0 /* Build configuration list for PBXNativeTarget "TDTagSearchTests" */ = {
			isa = XCConfigurationList;
			buildConfigurations = (
				E154638E283FAE1700D142D0 /* Debug */,
				E154638F283FAE1700D142D0 /* Release */,
			);
			defaultConfigurationIsVisible = 0;
			defaultConfigurationName = Release;
		};
		E1546390283FAE1700D142D0 /* Build configuration list for PBXNativeTarget "TDTagSearchUITests" */ = {
			isa = XCConfigurationList;
			buildConfigurations = (
				E1546391283FAE1700D142D0 /* Debug */,
				E1546392283FAE1700D142D0 /* Release */,
			);
			defaultConfigurationIsVisible = 0;
			defaultConfigurationName = Release;
		};
/* End XCConfigurationList section */

/* Begin XCRemoteSwiftPackageReference section */
		E1546398283FAF7200D142D0 /* XCRemoteSwiftPackageReference "ViewInspector" */ = {
			isa = XCRemoteSwiftPackageReference;
			repositoryURL = "https://github.com/nalexn/ViewInspector";
			requirement = {
				kind = upToNextMajorVersion;
				minimumVersion = 0.9.1;
			};
		};
		E154639B283FB01700D142D0 /* XCRemoteSwiftPackageReference "Nimble" */ = {
			isa = XCRemoteSwiftPackageReference;
			repositoryURL = "https://github.com/Quick/Nimble";
			requirement = {
				branch = main;
				kind = branch;
			};
		};
		E154639E283FB02A00D142D0 /* XCRemoteSwiftPackageReference "Quick" */ = {
			isa = XCRemoteSwiftPackageReference;
			repositoryURL = "https://github.com/Quick/Quick";
			requirement = {
				branch = main;
				kind = branch;
			};
		};
/* End XCRemoteSwiftPackageReference section */

/* Begin XCSwiftPackageProductDependency section */
		E1546399283FAF7200D142D0 /* ViewInspector */ = {
			isa = XCSwiftPackageProductDependency;
			package = E1546398283FAF7200D142D0 /* XCRemoteSwiftPackageReference "ViewInspector" */;
			productName = ViewInspector;
		};
		E154639C283FB01700D142D0 /* Nimble */ = {
			isa = XCSwiftPackageProductDependency;
			package = E154639B283FB01700D142D0 /* XCRemoteSwiftPackageReference "Nimble" */;
			productName = Nimble;
		};
		E154639F283FB02A00D142D0 /* Quick */ = {
			isa = XCSwiftPackageProductDependency;
			package = E154639E283FB02A00D142D0 /* XCRemoteSwiftPackageReference "Quick" */;
			productName = Quick;
		};
/* End XCSwiftPackageProductDependency section */
	};
	rootObject = E154635E283FAE1600D142D0 /* Project object */;
}
